
Microsoft Visual Studio Solution File, Format Version 12.00
# Visual Studio Version 17
VisualStudioVersion = 17.6.33829.357
MinimumVisualStudioVersion = 10.0.40219.1
Project("{888888A0-9F3D-457C-B088-3A5042F75D52}") = "ML_fundamentals", "ML_fundamentals.pyproj", "{731AEEE3-92A0-4037-A3B1-534517C306CE}"
EndProject
Global
	GlobalSection(SolutionConfigurationPlatforms) = preSolution
		Debug|Any CPU = Debug|Any CPU
		Release|Any CPU = Release|Any CPU
	EndGlobalSection
	GlobalSection(ProjectConfigurationPlatforms) = postSolution
		{731AEEE3-92A0-4037-A3B1-534517C306CE}.Debug|Any CPU.ActiveCfg = Debug|Any CPU
		{731AEEE3-92A0-4037-A3B1-534517C306CE}.Release|Any CPU.ActiveCfg = Release|Any CPU
	EndGlobalSection
	GlobalSection(SolutionProperties) = preSolution
		HideSolutionNode = FALSE
	EndGlobalSection
	GlobalSection(ExtensibilityGlobals) = postSolution
		SolutionGuid = {95CBB12D-30DD-4E54-86AF-C084CB5FB9EB}
	EndGlobalSection
EndGlobal
